
Microsoft Visual Studio Solution File, Format Version 12.00
# Visual Studio 15
VisualStudioVersion = 15.0.26430.16
MinimumVisualStudioVersion = 10.0.40219.1
Project("{FAE04EC0-301F-11D3-BF4B-00C04F79EFBC}") = "AutomationHelper.Web", "AutomationHelper.Web\AutomationHelper.Web.csproj", "{FFC3EF5C-6DAA-4892-9616-0F26C89A571D}"
	ProjectSection(ProjectDependencies) = postProject
		{87C230D3-9409-49F0-9CAB-86ED9633736A} = {87C230D3-9409-49F0-9CAB-86ED9633736A}
	EndProjectSection
EndProject
Project("{FAE04EC0-301F-11D3-BF4B-00C04F79EFBC}") = "AutomationHelper.Base", "AutomationHelper.Base\AutomationHelper.Base.csproj", "{87C230D3-9409-49F0-9CAB-86ED9633736A}"
EndProject
Project("{FAE04EC0-301F-11D3-BF4B-00C04F79EFBC}") = "AutomationHelper.Desktop", "AutomationHelper.Desktop\AutomationHelper.Desktop.csproj", "{893F3775-2946-4774-A6D7-A971FAF324BA}"
	ProjectSection(ProjectDependencies) = postProject
		{87C230D3-9409-49F0-9CAB-86ED9633736A} = {87C230D3-9409-49F0-9CAB-86ED9633736A}
	EndProjectSection
EndProject
Global
	GlobalSection(SolutionConfigurationPlatforms) = preSolution
		Debug|Any CPU = Debug|Any CPU
		Release|Any CPU = Release|Any CPU
	EndGlobalSection
	GlobalSection(ProjectConfigurationPlatforms) = postSolution
		{FFC3EF5C-6DAA-4892-9616-0F26C89A571D}.Debug|Any CPU.ActiveCfg = Debug|Any CPU
		{FFC3EF5C-6DAA-4892-9616-0F26C89A571D}.Debug|Any CPU.Build.0 = Debug|Any CPU
		{FFC3EF5C-6DAA-4892-9616-0F26C89A571D}.Release|Any CPU.ActiveCfg = Release|Any CPU
		{FFC3EF5C-6DAA-4892-9616-0F26C89A571D}.Release|Any CPU.Build.0 = Release|Any CPU
		{87C230D3-9409-49F0-9CAB-86ED9633736A}.Debug|Any CPU.ActiveCfg = Debug|Any CPU
		{87C230D3-9409-49F0-9CAB-86ED9633736A}.Debug|Any CPU.Build.0 = Debug|Any CPU
		{87C230D3-9409-49F0-9CAB-86ED9633736A}.Release|Any CPU.ActiveCfg = Release|Any CPU
		{87C230D3-9409-49F0-9CAB-86ED9633736A}.Release|Any CPU.Build.0 = Release|Any CPU
		{893F3775-2946-4774-A6D7-A971FAF324BA}.Debug|Any CPU.ActiveCfg = Debug|Any CPU
		{893F3775-2946-4774-A6D7-A971FAF324BA}.Debug|Any CPU.Build.0 = Debug|Any CPU
		{893F3775-2946-4774-A6D7-A971FAF324BA}.Release|Any CPU.ActiveCfg = Release|Any CPU
		{893F3775-2946-4774-A6D7-A971FAF324BA}.Release|Any CPU.Build.0 = Release|Any CPU
	EndGlobalSection
	GlobalSection(SolutionProperties) = preSolution
		HideSolutionNode = FALSE
	EndGlobalSection
EndGlobal
